// !$*UTF8*$!
{
	archiveVersion = 1;
	classes = {
	};
	objectVersion = 51;
	objects = {

/* Begin PBXBuildFile section */
		6644FFB32D827F2205B4164C /* Pods_InstagramApp.framework in Frameworks */ = {isa = PBXBuildFile; fileRef = 9F374D6E0317800E97598AD1 /* Pods_InstagramApp.framework */; };
		E147A0852159176200AD9178 /* AppDelegate.swift in Sources */ = {isa = PBXBuildFile; fileRef = E147A0842159176200AD9178 /* AppDelegate.swift */; };
		E147A08C2159176300AD9178 /* Assets.xcassets in Resources */ = {isa = PBXBuildFile; fileRef = E147A08B2159176300AD9178 /* Assets.xcassets */; };
		E147A08F2159176400AD9178 /* LaunchScreen.storyboard in Resources */ = {isa = PBXBuildFile; fileRef = E147A08D2159176400AD9178 /* LaunchScreen.storyboard */; };
		E147A09B215917EB00AD9178 /* FeedData.swift in Sources */ = {isa = PBXBuildFile; fileRef = E147A09A215917EB00AD9178 /* FeedData.swift */; };
		E1D28C3321629B4800DB621F /* SimpleCameraProtocol.swift in Sources */ = {isa = PBXBuildFile; fileRef = E1D28C3221629B4800DB621F /* SimpleCameraProtocol.swift */; };
		E1D28C3521629B5000DB621F /* SimpleCameraView.swift in Sources */ = {isa = PBXBuildFile; fileRef = E1D28C3421629B5000DB621F /* SimpleCameraView.swift */; };
		E1D28C3721629B5700DB621F /* SimpleCamera.swift in Sources */ = {isa = PBXBuildFile; fileRef = E1D28C3621629B5700DB621F /* SimpleCamera.swift */; };
		E1E440B22163ED050034FD40 /* ActivityData.swift in Sources */ = {isa = PBXBuildFile; fileRef = E1E440B12163ED050034FD40 /* ActivityData.swift */; };
		E1E440B42163F16E0034FD40 /* UserData.swift in Sources */ = {isa = PBXBuildFile; fileRef = E1E440B32163F16E0034FD40 /* UserData.swift */; };
		E22639A323B22767003E037E /* FollowModel.swift in Sources */ = {isa = PBXBuildFile; fileRef = E22639A223B22767003E037E /* FollowModel.swift */; };
		E22A7DB823ACDA45008DE64E /* PostViewController.swift in Sources */ = {isa = PBXBuildFile; fileRef = E22A7DB723ACDA44008DE64E /* PostViewController.swift */; };
		E22A7DBA23ACDC00008DE64E /* CommentsModel.swift in Sources */ = {isa = PBXBuildFile; fileRef = E22A7DB923ACDC00008DE64E /* CommentsModel.swift */; };
		E22A7DBD23ACE326008DE64E /* PostTableViewCell.xib in Resources */ = {isa = PBXBuildFile; fileRef = E22A7DBB23ACE325008DE64E /* PostTableViewCell.xib */; };
		E22A7DBE23ACE326008DE64E /* PostTableViewCell.swift in Sources */ = {isa = PBXBuildFile; fileRef = E22A7DBC23ACE326008DE64E /* PostTableViewCell.swift */; };
		E23BDC7A23A4B75A00B78926 /* NewPostPageViewController.swift in Sources */ = {isa = PBXBuildFile; fileRef = E23BDC7923A4B75A00B78926 /* NewPostPageViewController.swift */; };
		E23BDC7C23A4B92F00B78926 /* PhotoLibraryViewController.swift in Sources */ = {isa = PBXBuildFile; fileRef = E23BDC7B23A4B92F00B78926 /* PhotoLibraryViewController.swift */; };
		E23BDC7E23A4B96800B78926 /* CameraViewController.swift in Sources */ = {isa = PBXBuildFile; fileRef = E23BDC7D23A4B96800B78926 /* CameraViewController.swift */; };
		E23BDC8023A4BD4600B78926 /* TabBarDelegate.swift in Sources */ = {isa = PBXBuildFile; fileRef = E23BDC7F23A4BD4600B78926 /* TabBarDelegate.swift */; };
		E240D6AD23A3A780002E28BC /* StoriesTableViewCell.swift in Sources */ = {isa = PBXBuildFile; fileRef = E240D6AB23A3A780002E28BC /* StoriesTableViewCell.swift */; };
		E240D6AE23A3A780002E28BC /* StoriesTableViewCell.xib in Resources */ = {isa = PBXBuildFile; fileRef = E240D6AC23A3A780002E28BC /* StoriesTableViewCell.xib */; };
		E240D6B323A3ABA0002E28BC /* StoryCollectionViewCell.swift in Sources */ = {isa = PBXBuildFile; fileRef = E240D6B123A3ABA0002E28BC /* StoryCollectionViewCell.swift */; };
		E240D6B423A3ABA0002E28BC /* StoryCollectionViewCell.xib in Resources */ = {isa = PBXBuildFile; fileRef = E240D6B223A3ABA0002E28BC /* StoryCollectionViewCell.xib */; };
		E240D6B723A3B186002E28BC /* FeedTableViewCell.swift in Sources */ = {isa = PBXBuildFile; fileRef = E240D6B523A3B186002E28BC /* FeedTableViewCell.swift */; };
		E240D6B823A3B186002E28BC /* FeedTableViewCell.xib in Resources */ = {isa = PBXBuildFile; fileRef = E240D6B623A3B186002E28BC /* FeedTableViewCell.xib */; };
		E240D6BA23A3BE70002E28BC /* ExploreCollectionViewCell.swift in Sources */ = {isa = PBXBuildFile; fileRef = E240D6B923A3BE70002E28BC /* ExploreCollectionViewCell.swift */; };
		E240D6BC23A3C6C7002E28BC /* SearchBarContainerView.swift in Sources */ = {isa = PBXBuildFile; fileRef = E240D6BB23A3C6C7002E28BC /* SearchBarContainerView.swift */; };
		E240D6BE23A3E72B002E28BC /* CollectionLayout.swift in Sources */ = {isa = PBXBuildFile; fileRef = E240D6BD23A3E72B002E28BC /* CollectionLayout.swift */; };
		E24194D223A7A093002C3B95 /* CustomSegmentedControl.swift in Sources */ = {isa = PBXBuildFile; fileRef = E24194D123A7A093002C3B95 /* CustomSegmentedControl.swift */; };
		E24194D523A7B1B5002C3B95 /* ActivityTableViewCell.swift in Sources */ = {isa = PBXBuildFile; fileRef = E24194D323A7B1B5002C3B95 /* ActivityTableViewCell.swift */; };
		E24194D623A7B1B5002C3B95 /* ActivityTableViewCell.xib in Resources */ = {isa = PBXBuildFile; fileRef = E24194D423A7B1B5002C3B95 /* ActivityTableViewCell.xib */; };
		E24194D823A7B859002C3B95 /* ActivityView.xib in Resources */ = {isa = PBXBuildFile; fileRef = E24194D723A7B859002C3B95 /* ActivityView.xib */; };
		E24194DA23A7B872002C3B95 /* ActivityView.swift in Sources */ = {isa = PBXBuildFile; fileRef = E24194D923A7B872002C3B95 /* ActivityView.swift */; };
		E24194DC23A7CE43002C3B95 /* GoogleService-Info.plist in Resources */ = {isa = PBXBuildFile; fileRef = E24194DB23A7CE43002C3B95 /* GoogleService-Info.plist */; };
		E24194DE23A7D555002C3B95 /* Helper.swift in Sources */ = {isa = PBXBuildFile; fileRef = E24194DD23A7D555002C3B95 /* Helper.swift */; };
		E24194E023A7D63B002C3B95 /* Extensions.swift in Sources */ = {isa = PBXBuildFile; fileRef = E24194DF23A7D63B002C3B95 /* Extensions.swift */; };
		E24194E223A7DC96002C3B95 /* LoginViewController.swift in Sources */ = {isa = PBXBuildFile; fileRef = E24194E123A7DC96002C3B95 /* LoginViewController.swift */; };
		E24194E623A7DCA3002C3B95 /* SignupViewController.swift in Sources */ = {isa = PBXBuildFile; fileRef = E24194E523A7DCA3002C3B95 /* SignupViewController.swift */; };
		E24194EA23A7DF2C002C3B95 /* AnimatedGradient.swift in Sources */ = {isa = PBXBuildFile; fileRef = E24194E923A7DF2B002C3B95 /* AnimatedGradient.swift */; };
		E24194EC23A7DF33002C3B95 /* Protocols.swift in Sources */ = {isa = PBXBuildFile; fileRef = E24194EB23A7DF33002C3B95 /* Protocols.swift */; };
		E24194EE23A7E9E3002C3B95 /* Login.storyboard in Resources */ = {isa = PBXBuildFile; fileRef = E24194ED23A7E9E3002C3B95 /* Login.storyboard */; };
		E24194F023A7EEE1002C3B95 /* Profile.storyboard in Resources */ = {isa = PBXBuildFile; fileRef = E24194EF23A7EEE1002C3B95 /* Profile.storyboard */; };
		E24194F223A7EF2E002C3B95 /* ProfileHeaderTableViewCell.swift in Sources */ = {isa = PBXBuildFile; fileRef = E24194F123A7EF2E002C3B95 /* ProfileHeaderTableViewCell.swift */; };
		E24194F423A7EF35002C3B95 /* ProfileViewStyleTableViewCell.swift in Sources */ = {isa = PBXBuildFile; fileRef = E24194F323A7EF35002C3B95 /* ProfileViewStyleTableViewCell.swift */; };
		E241B89823A6A5CD00F06905 /* PhotoCollectionViewCell.swift in Sources */ = {isa = PBXBuildFile; fileRef = E241B89723A6A5CD00F06905 /* PhotoCollectionViewCell.swift */; };
		E243B94323AFD0250045CFC1 /* SearchResultsTableViewController.swift in Sources */ = {isa = PBXBuildFile; fileRef = E243B94223AFD0250045CFC1 /* SearchResultsTableViewController.swift */; };
		E2487BCD23A93FAB005D6706 /* CreatePostViewController.swift in Sources */ = {isa = PBXBuildFile; fileRef = E2487BCC23A93FAB005D6706 /* CreatePostViewController.swift */; };
		E28086B723A2BC7E00C6115C /* Home.storyboard in Resources */ = {isa = PBXBuildFile; fileRef = E28086B623A2BC7E00C6115C /* Home.storyboard */; };
		E28086B923A2BC8B00C6115C /* Search.storyboard in Resources */ = {isa = PBXBuildFile; fileRef = E28086B823A2BC8B00C6115C /* Search.storyboard */; };
		E28086BB23A2BC9600C6115C /* NewPost.storyboard in Resources */ = {isa = PBXBuildFile; fileRef = E28086BA23A2BC9600C6115C /* NewPost.storyboard */; };
		E28086BF23A2BCAA00C6115C /* Activity.storyboard in Resources */ = {isa = PBXBuildFile; fileRef = E28086BE23A2BCAA00C6115C /* Activity.storyboard */; };
		E28086C223A2BD0A00C6115C /* HomeViewController.swift in Sources */ = {isa = PBXBuildFile; fileRef = E28086C123A2BD0A00C6115C /* HomeViewController.swift */; };
		E28086C423A2BD2B00C6115C /* SearchViewController.swift in Sources */ = {isa = PBXBuildFile; fileRef = E28086C323A2BD2B00C6115C /* SearchViewController.swift */; };
		E28086C623A2BD3600C6115C /* NewPostViewController.swift in Sources */ = {isa = PBXBuildFile; fileRef = E28086C523A2BD3500C6115C /* NewPostViewController.swift */; };
		E28086C823A2BD4000C6115C /* ProfileViewController.swift in Sources */ = {isa = PBXBuildFile; fileRef = E28086C723A2BD4000C6115C /* ProfileViewController.swift */; };
		E28086CA23A2BD4C00C6115C /* ActivityViewController.swift in Sources */ = {isa = PBXBuildFile; fileRef = E28086C923A2BD4C00C6115C /* ActivityViewController.swift */; };
		E287C86F23AE2A52008376B4 /* Post.storyboard in Resources */ = {isa = PBXBuildFile; fileRef = E287C86E23AE2A52008376B4 /* Post.storyboard */; };
		E287C87223AE33D6008376B4 /* CommentTableViewCell.xib in Resources */ = {isa = PBXBuildFile; fileRef = E287C87023AE33D6008376B4 /* CommentTableViewCell.xib */; };
		E287C87323AE33D6008376B4 /* CommentTableViewCell.swift in Sources */ = {isa = PBXBuildFile; fileRef = E287C87123AE33D6008376B4 /* CommentTableViewCell.swift */; };
		E2EFCFB323ABD20400A95DAF /* LikesModel.swift in Sources */ = {isa = PBXBuildFile; fileRef = E2EFCFB223ABD20400A95DAF /* LikesModel.swift */; };
/* End PBXBuildFile section */

/* Begin PBXFileReference section */
		8E621D828076BE1D8039AD5B /* Pods-InstagramApp.release.xcconfig */ = {isa = PBXFileReference; includeInIndex = 1; lastKnownFileType = text.xcconfig; name = "Pods-InstagramApp.release.xcconfig"; path = "Target Support Files/Pods-InstagramApp/Pods-InstagramApp.release.xcconfig"; sourceTree = "<group>"; };
		9F374D6E0317800E97598AD1 /* Pods_InstagramApp.framework */ = {isa = PBXFileReference; explicitFileType = wrapper.framework; includeInIndex = 0; path = Pods_InstagramApp.framework; sourceTree = BUILT_PRODUCTS_DIR; };
		C9DB24F055C0F4E9E1D79CD0 /* Pods-InstagramApp.debug.xcconfig */ = {isa = PBXFileReference; includeInIndex = 1; lastKnownFileType = text.xcconfig; name = "Pods-InstagramApp.debug.xcconfig"; path = "Target Support Files/Pods-InstagramApp/Pods-InstagramApp.debug.xcconfig"; sourceTree = "<group>"; };
		E147A0812159176200AD9178 /* InstagramApp.app */ = {isa = PBXFileReference; explicitFileType = wrapper.application; includeInIndex = 0; path = InstagramApp.app; sourceTree = BUILT_PRODUCTS_DIR; };
		E147A0842159176200AD9178 /* AppDelegate.swift */ = {isa = PBXFileReference; lastKnownFileType = sourcecode.swift; path = AppDelegate.swift; sourceTree = "<group>"; };
		E147A08B2159176300AD9178 /* Assets.xcassets */ = {isa = PBXFileReference; lastKnownFileType = folder.assetcatalog; path = Assets.xcassets; sourceTree = "<group>"; };
		E147A08E2159176400AD9178 /* Base */ = {isa = PBXFileReference; lastKnownFileType = file.storyboard; name = Base; path = Base.lproj/LaunchScreen.storyboard; sourceTree = "<group>"; };
		E147A0902159176400AD9178 /* Info.plist */ = {isa = PBXFileReference; lastKnownFileType = text.plist.xml; path = Info.plist; sourceTree = "<group>"; };
		E147A09A215917EB00AD9178 /* FeedData.swift */ = {isa = PBXFileReference; lastKnownFileType = sourcecode.swift; path = FeedData.swift; sourceTree = "<group>"; };
		E1D28C3221629B4800DB621F /* SimpleCameraProtocol.swift */ = {isa = PBXFileReference; fileEncoding = 4; lastKnownFileType = sourcecode.swift; path = SimpleCameraProtocol.swift; sourceTree = "<group>"; };
		E1D28C3421629B5000DB621F /* SimpleCameraView.swift */ = {isa = PBXFileReference; fileEncoding = 4; lastKnownFileType = sourcecode.swift; path = SimpleCameraView.swift; sourceTree = "<group>"; };
		E1D28C3621629B5700DB621F /* SimpleCamera.swift */ = {isa = PBXFileReference; fileEncoding = 4; lastKnownFileType = sourcecode.swift; path = SimpleCamera.swift; sourceTree = "<group>"; };
		E1E440B12163ED050034FD40 /* ActivityData.swift */ = {isa = PBXFileReference; lastKnownFileType = sourcecode.swift; path = ActivityData.swift; sourceTree = "<group>"; };
		E1E440B32163F16E0034FD40 /* UserData.swift */ = {isa = PBXFileReference; lastKnownFileType = sourcecode.swift; path = UserData.swift; sourceTree = "<group>"; };
		E22639A223B22767003E037E /* FollowModel.swift */ = {isa = PBXFileReference; lastKnownFileType = sourcecode.swift; path = FollowModel.swift; sourceTree = "<group>"; };
		E22A7DB723ACDA44008DE64E /* PostViewController.swift */ = {isa = PBXFileReference; fileEncoding = 4; lastKnownFileType = sourcecode.swift; path = PostViewController.swift; sourceTree = "<group>"; };
		E22A7DB923ACDC00008DE64E /* CommentsModel.swift */ = {isa = PBXFileReference; lastKnownFileType = sourcecode.swift; path = CommentsModel.swift; sourceTree = "<group>"; };
		E22A7DBB23ACE325008DE64E /* PostTableViewCell.xib */ = {isa = PBXFileReference; fileEncoding = 4; lastKnownFileType = file.xib; path = PostTableViewCell.xib; sourceTree = "<group>"; };
		E22A7DBC23ACE326008DE64E /* PostTableViewCell.swift */ = {isa = PBXFileReference; fileEncoding = 4; lastKnownFileType = sourcecode.swift; path = PostTableViewCell.swift; sourceTree = "<group>"; };
		E23BDC7923A4B75A00B78926 /* NewPostPageViewController.swift */ = {isa = PBXFileReference; lastKnownFileType = sourcecode.swift; path = NewPostPageViewController.swift; sourceTree = "<group>"; };
		E23BDC7B23A4B92F00B78926 /* PhotoLibraryViewController.swift */ = {isa = PBXFileReference; lastKnownFileType = sourcecode.swift; path = PhotoLibraryViewController.swift; sourceTree = "<group>"; };
		E23BDC7D23A4B96800B78926 /* CameraViewController.swift */ = {isa = PBXFileReference; lastKnownFileType = sourcecode.swift; path = CameraViewController.swift; sourceTree = "<group>"; };
		E23BDC7F23A4BD4600B78926 /* TabBarDelegate.swift */ = {isa = PBXFileReference; lastKnownFileType = sourcecode.swift; path = TabBarDelegate.swift; sourceTree = "<group>"; };
		E240D6AB23A3A780002E28BC /* StoriesTableViewCell.swift */ = {isa = PBXFileReference; lastKnownFileType = sourcecode.swift; path = StoriesTableViewCell.swift; sourceTree = "<group>"; };
		E240D6AC23A3A780002E28BC /* StoriesTableViewCell.xib */ = {isa = PBXFileReference; lastKnownFileType = file.xib; path = StoriesTableViewCell.xib; sourceTree = "<group>"; };
		E240D6B123A3ABA0002E28BC /* StoryCollectionViewCell.swift */ = {isa = PBXFileReference; lastKnownFileType = sourcecode.swift; path = StoryCollectionViewCell.swift; sourceTree = "<group>"; };
		E240D6B223A3ABA0002E28BC /* StoryCollectionViewCell.xib */ = {isa = PBXFileReference; lastKnownFileType = file.xib; path = StoryCollectionViewCell.xib; sourceTree = "<group>"; };
		E240D6B523A3B186002E28BC /* FeedTableViewCell.swift */ = {isa = PBXFileReference; lastKnownFileType = sourcecode.swift; path = FeedTableViewCell.swift; sourceTree = "<group>"; };
		E240D6B623A3B186002E28BC /* FeedTableViewCell.xib */ = {isa = PBXFileReference; lastKnownFileType = file.xib; path = FeedTableViewCell.xib; sourceTree = "<group>"; };
		E240D6B923A3BE70002E28BC /* ExploreCollectionViewCell.swift */ = {isa = PBXFileReference; lastKnownFileType = sourcecode.swift; path = ExploreCollectionViewCell.swift; sourceTree = "<group>"; };
		E240D6BB23A3C6C7002E28BC /* SearchBarContainerView.swift */ = {isa = PBXFileReference; lastKnownFileType = sourcecode.swift; path = SearchBarContainerView.swift; sourceTree = "<group>"; };
		E240D6BD23A3E72B002E28BC /* CollectionLayout.swift */ = {isa = PBXFileReference; lastKnownFileType = sourcecode.swift; path = CollectionLayout.swift; sourceTree = "<group>"; };
		E24194D123A7A093002C3B95 /* CustomSegmentedControl.swift */ = {isa = PBXFileReference; lastKnownFileType = sourcecode.swift; path = CustomSegmentedControl.swift; sourceTree = "<group>"; };
		E24194D323A7B1B5002C3B95 /* ActivityTableViewCell.swift */ = {isa = PBXFileReference; lastKnownFileType = sourcecode.swift; path = ActivityTableViewCell.swift; sourceTree = "<group>"; };
		E24194D423A7B1B5002C3B95 /* ActivityTableViewCell.xib */ = {isa = PBXFileReference; lastKnownFileType = file.xib; path = ActivityTableViewCell.xib; sourceTree = "<group>"; };
		E24194D723A7B859002C3B95 /* ActivityView.xib */ = {isa = PBXFileReference; lastKnownFileType = file.xib; path = ActivityView.xib; sourceTree = "<group>"; };
		E24194D923A7B872002C3B95 /* ActivityView.swift */ = {isa = PBXFileReference; lastKnownFileType = sourcecode.swift; path = ActivityView.swift; sourceTree = "<group>"; };
		E24194DB23A7CE43002C3B95 /* GoogleService-Info.plist */ = {isa = PBXFileReference; fileEncoding = 4; lastKnownFileType = text.plist.xml; path = "GoogleService-Info.plist"; sourceTree = "<group>"; };
		E24194DD23A7D555002C3B95 /* Helper.swift */ = {isa = PBXFileReference; lastKnownFileType = sourcecode.swift; path = Helper.swift; sourceTree = "<group>"; };
		E24194DF23A7D63B002C3B95 /* Extensions.swift */ = {isa = PBXFileReference; lastKnownFileType = sourcecode.swift; path = Extensions.swift; sourceTree = "<group>"; };
		E24194E123A7DC96002C3B95 /* LoginViewController.swift */ = {isa = PBXFileReference; fileEncoding = 4; lastKnownFileType = sourcecode.swift; path = LoginViewController.swift; sourceTree = "<group>"; };
		E24194E523A7DCA3002C3B95 /* SignupViewController.swift */ = {isa = PBXFileReference; fileEncoding = 4; lastKnownFileType = sourcecode.swift; name = SignupViewController.swift; path = "../../../../../Downloads/Instagram Clone Starter/InstagramApp/ViewControllers/SignupViewController.swift"; sourceTree = "<group>"; };
		E24194E923A7DF2B002C3B95 /* AnimatedGradient.swift */ = {isa = PBXFileReference; fileEncoding = 4; lastKnownFileType = sourcecode.swift; path = AnimatedGradient.swift; sourceTree = "<group>"; };
		E24194EB23A7DF33002C3B95 /* Protocols.swift */ = {isa = PBXFileReference; fileEncoding = 4; lastKnownFileType = sourcecode.swift; path = Protocols.swift; sourceTree = "<group>"; };
		E24194ED23A7E9E3002C3B95 /* Login.storyboard */ = {isa = PBXFileReference; fileEncoding = 4; lastKnownFileType = file.storyboard; path = Login.storyboard; sourceTree = "<group>"; };
		E24194EF23A7EEE1002C3B95 /* Profile.storyboard */ = {isa = PBXFileReference; fileEncoding = 4; lastKnownFileType = file.storyboard; path = Profile.storyboard; sourceTree = "<group>"; };
		E24194F123A7EF2E002C3B95 /* ProfileHeaderTableViewCell.swift */ = {isa = PBXFileReference; fileEncoding = 4; lastKnownFileType = sourcecode.swift; path = ProfileHeaderTableViewCell.swift; sourceTree = "<group>"; };
		E24194F323A7EF35002C3B95 /* ProfileViewStyleTableViewCell.swift */ = {isa = PBXFileReference; fileEncoding = 4; lastKnownFileType = sourcecode.swift; path = ProfileViewStyleTableViewCell.swift; sourceTree = "<group>"; };
		E241B89723A6A5CD00F06905 /* PhotoCollectionViewCell.swift */ = {isa = PBXFileReference; lastKnownFileType = sourcecode.swift; path = PhotoCollectionViewCell.swift; sourceTree = "<group>"; };
		E243B94223AFD0250045CFC1 /* SearchResultsTableViewController.swift */ = {isa = PBXFileReference; lastKnownFileType = sourcecode.swift; path = SearchResultsTableViewController.swift; sourceTree = "<group>"; };
		E2487BCC23A93FAB005D6706 /* CreatePostViewController.swift */ = {isa = PBXFileReference; fileEncoding = 4; lastKnownFileType = sourcecode.swift; path = CreatePostViewController.swift; sourceTree = "<group>"; };
		E28086B623A2BC7E00C6115C /* Home.storyboard */ = {isa = PBXFileReference; lastKnownFileType = file.storyboard; path = Home.storyboard; sourceTree = "<group>"; };
		E28086B823A2BC8B00C6115C /* Search.storyboard */ = {isa = PBXFileReference; lastKnownFileType = file.storyboard; path = Search.storyboard; sourceTree = "<group>"; };
		E28086BA23A2BC9600C6115C /* NewPost.storyboard */ = {isa = PBXFileReference; lastKnownFileType = file.storyboard; path = NewPost.storyboard; sourceTree = "<group>"; };
		E28086BE23A2BCAA00C6115C /* Activity.storyboard */ = {isa = PBXFileReference; lastKnownFileType = file.storyboard; path = Activity.storyboard; sourceTree = "<group>"; };
		E28086C123A2BD0A00C6115C /* HomeViewController.swift */ = {isa = PBXFileReference; lastKnownFileType = sourcecode.swift; path = HomeViewController.swift; sourceTree = "<group>"; };
		E28086C323A2BD2B00C6115C /* SearchViewController.swift */ = {isa = PBXFileReference; lastKnownFileType = sourcecode.swift; path = SearchViewController.swift; sourceTree = "<group>"; };
		E28086C523A2BD3500C6115C /* NewPostViewController.swift */ = {isa = PBXFileReference; lastKnownFileType = sourcecode.swift; path = NewPostViewController.swift; sourceTree = "<group>"; };
		E28086C723A2BD4000C6115C /* ProfileViewController.swift */ = {isa = PBXFileReference; lastKnownFileType = sourcecode.swift; path = ProfileViewController.swift; sourceTree = "<group>"; };
		E28086C923A2BD4C00C6115C /* ActivityViewController.swift */ = {isa = PBXFileReference; lastKnownFileType = sourcecode.swift; path = ActivityViewController.swift; sourceTree = "<group>"; };
		E287C86E23AE2A52008376B4 /* Post.storyboard */ = {isa = PBXFileReference; fileEncoding = 4; lastKnownFileType = file.storyboard; path = Post.storyboard; sourceTree = "<group>"; };
		E287C87023AE33D6008376B4 /* CommentTableViewCell.xib */ = {isa = PBXFileReference; fileEncoding = 4; lastKnownFileType = file.xib; path = CommentTableViewCell.xib; sourceTree = "<group>"; };
		E287C87123AE33D6008376B4 /* CommentTableViewCell.swift */ = {isa = PBXFileReference; fileEncoding = 4; lastKnownFileType = sourcecode.swift; path = CommentTableViewCell.swift; sourceTree = "<group>"; };
		E2EFCFB223ABD20400A95DAF /* LikesModel.swift */ = {isa = PBXFileReference; lastKnownFileType = sourcecode.swift; path = LikesModel.swift; sourceTree = "<group>"; };
/* End PBXFileReference section */

/* Begin PBXFrameworksBuildPhase section */
		E147A07E2159176200AD9178 /* Frameworks */ = {
			isa = PBXFrameworksBuildPhase;
			buildActionMask = 2147483647;
			files = (
				6644FFB32D827F2205B4164C /* Pods_InstagramApp.framework in Frameworks */,
			);
			runOnlyForDeploymentPostprocessing = 0;
		};
/* End PBXFrameworksBuildPhase section */

/* Begin PBXGroup section */
		3F9D284BE25C375F5D97E5B9 /* Frameworks */ = {
			isa = PBXGroup;
			children = (
				9F374D6E0317800E97598AD1 /* Pods_InstagramApp.framework */,
			);
			name = Frameworks;
			sourceTree = "<group>";
		};
		C9CE204A4A305C3EB1ED7719 /* Pods */ = {
			isa = PBXGroup;
			children = (
				C9DB24F055C0F4E9E1D79CD0 /* Pods-InstagramApp.debug.xcconfig */,
				8E621D828076BE1D8039AD5B /* Pods-InstagramApp.release.xcconfig */,
			);
			path = Pods;
			sourceTree = "<group>";
		};
		E147A0782159176200AD9178 = {
			isa = PBXGroup;
			children = (
				E147A0832159176200AD9178 /* InstagramApp */,
				E147A0822159176200AD9178 /* Products */,
				C9CE204A4A305C3EB1ED7719 /* Pods */,
				3F9D284BE25C375F5D97E5B9 /* Frameworks */,
			);
			sourceTree = "<group>";
		};
		E147A0822159176200AD9178 /* Products */ = {
			isa = PBXGroup;
			children = (
				E147A0812159176200AD9178 /* InstagramApp.app */,
			);
			name = Products;
			sourceTree = "<group>";
		};
		E147A0832159176200AD9178 /* InstagramApp */ = {
			isa = PBXGroup;
			children = (
				E24194DB23A7CE43002C3B95 /* GoogleService-Info.plist */,
				E240D6AA23A3A75C002E28BC /* Views */,
				E28086C023A2BCE600C6115C /* ViewControllers */,
				E28086B523A2BC3900C6115C /* Storyboards */,
				E147A0842159176200AD9178 /* AppDelegate.swift */,
				E1D28C3021629A1300DB621F /* Library */,
				E1D74798215FC8BF007A3584 /* Data */,
				E147A08D2159176400AD9178 /* LaunchScreen.storyboard */,
				E147A0902159176400AD9178 /* Info.plist */,
				E147A08B2159176300AD9178 /* Assets.xcassets */,
				E240D6BD23A3E72B002E28BC /* CollectionLayout.swift */,
				E23BDC7F23A4BD4600B78926 /* TabBarDelegate.swift */,
				E24194D123A7A093002C3B95 /* CustomSegmentedControl.swift */,
				E24194DD23A7D555002C3B95 /* Helper.swift */,
				E24194EB23A7DF33002C3B95 /* Protocols.swift */,
				E24194E923A7DF2B002C3B95 /* AnimatedGradient.swift */,
				E24194DF23A7D63B002C3B95 /* Extensions.swift */,
			);
			path = InstagramApp;
			sourceTree = "<group>";
		};
		E1D28C3021629A1300DB621F /* Library */ = {
			isa = PBXGroup;
			children = (
				E1D28C3121629A2100DB621F /* SimpleCamera */,
			);
			path = Library;
			sourceTree = "<group>";
		};
		E1D28C3121629A2100DB621F /* SimpleCamera */ = {
			isa = PBXGroup;
			children = (
				E1D28C3621629B5700DB621F /* SimpleCamera.swift */,
				E1D28C3221629B4800DB621F /* SimpleCameraProtocol.swift */,
				E1D28C3421629B5000DB621F /* SimpleCameraView.swift */,
			);
			path = SimpleCamera;
			sourceTree = "<group>";
		};
		E1D74798215FC8BF007A3584 /* Data */ = {
			isa = PBXGroup;
			children = (
				E147A09A215917EB00AD9178 /* FeedData.swift */,
				E1E440B12163ED050034FD40 /* ActivityData.swift */,
				E1E440B32163F16E0034FD40 /* UserData.swift */,
				E2EFCFB223ABD20400A95DAF /* LikesModel.swift */,
				E22A7DB923ACDC00008DE64E /* CommentsModel.swift */,
				E22639A223B22767003E037E /* FollowModel.swift */,
			);
			path = Data;
			sourceTree = "<group>";
		};
		E240D6AA23A3A75C002E28BC /* Views */ = {
			isa = PBXGroup;
			children = (
				E24194D323A7B1B5002C3B95 /* ActivityTableViewCell.swift */,
				E24194D423A7B1B5002C3B95 /* ActivityTableViewCell.xib */,
				E24194D923A7B872002C3B95 /* ActivityView.swift */,
				E24194D723A7B859002C3B95 /* ActivityView.xib */,
				E287C87123AE33D6008376B4 /* CommentTableViewCell.swift */,
				E287C87023AE33D6008376B4 /* CommentTableViewCell.xib */,
				E240D6B923A3BE70002E28BC /* ExploreCollectionViewCell.swift */,
				E240D6B523A3B186002E28BC /* FeedTableViewCell.swift */,
				E240D6B623A3B186002E28BC /* FeedTableViewCell.xib */,
				E241B89723A6A5CD00F06905 /* PhotoCollectionViewCell.swift */,
				E22A7DBC23ACE326008DE64E /* PostTableViewCell.swift */,
				E22A7DBB23ACE325008DE64E /* PostTableViewCell.xib */,
				E24194F123A7EF2E002C3B95 /* ProfileHeaderTableViewCell.swift */,
				E24194F323A7EF35002C3B95 /* ProfileViewStyleTableViewCell.swift */,
				E240D6BB23A3C6C7002E28BC /* SearchBarContainerView.swift */,
				E240D6AB23A3A780002E28BC /* StoriesTableViewCell.swift */,
				E240D6AC23A3A780002E28BC /* StoriesTableViewCell.xib */,
				E240D6B123A3ABA0002E28BC /* StoryCollectionViewCell.swift */,
				E240D6B223A3ABA0002E28BC /* StoryCollectionViewCell.xib */,
			);
			name = Views;
			sourceTree = "<group>";
		};
		E28086B523A2BC3900C6115C /* Storyboards */ = {
			isa = PBXGroup;
			children = (
				E28086BE23A2BCAA00C6115C /* Activity.storyboard */,
				E28086B623A2BC7E00C6115C /* Home.storyboard */,
				E24194ED23A7E9E3002C3B95 /* Login.storyboard */,
				E28086BA23A2BC9600C6115C /* NewPost.storyboard */,
				E287C86E23AE2A52008376B4 /* Post.storyboard */,
				E24194EF23A7EEE1002C3B95 /* Profile.storyboard */,
				E28086B823A2BC8B00C6115C /* Search.storyboard */,
			);
			path = Storyboards;
			sourceTree = "<group>";
		};
		E28086C023A2BCE600C6115C /* ViewControllers */ = {
			isa = PBXGroup;
			children = (
				E28086C923A2BD4C00C6115C /* ActivityViewController.swift */,
				E23BDC7D23A4B96800B78926 /* CameraViewController.swift */,
				E2487BCC23A93FAB005D6706 /* CreatePostViewController.swift */,
				E28086C123A2BD0A00C6115C /* HomeViewController.swift */,
				E24194E123A7DC96002C3B95 /* LoginViewController.swift */,
				E23BDC7923A4B75A00B78926 /* NewPostPageViewController.swift */,
				E28086C523A2BD3500C6115C /* NewPostViewController.swift */,
				E23BDC7B23A4B92F00B78926 /* PhotoLibraryViewController.swift */,
				E22A7DB723ACDA44008DE64E /* PostViewController.swift */,
				E28086C723A2BD4000C6115C /* ProfileViewController.swift */,
				E28086C323A2BD2B00C6115C /* SearchViewController.swift */,
				E24194E523A7DCA3002C3B95 /* SignupViewController.swift */,
				E243B94223AFD0250045CFC1 /* SearchResultsTableViewController.swift */,
			);
			path = ViewControllers;
			sourceTree = "<group>";
		};
/* End PBXGroup section */

/* Begin PBXNativeTarget section */
		E147A0802159176200AD9178 /* InstagramApp */ = {
			isa = PBXNativeTarget;
			buildConfigurationList = E147A0932159176400AD9178 /* Build configuration list for PBXNativeTarget "InstagramApp" */;
			buildPhases = (
				F97E03841FDADB126A44F06A /* [CP] Check Pods Manifest.lock */,
				E147A07D2159176200AD9178 /* Sources */,
				E147A07E2159176200AD9178 /* Frameworks */,
				E147A07F2159176200AD9178 /* Resources */,
				81350CEE219502539427CAE5 /* [CP] Embed Pods Frameworks */,
			);
			buildRules = (
			);
			dependencies = (
			);
			name = InstagramApp;
			productName = InstagramApp;
			productReference = E147A0812159176200AD9178 /* InstagramApp.app */;
			productType = "com.apple.product-type.application";
		};
/* End PBXNativeTarget section */

/* Begin PBXProject section */
		E147A0792159176200AD9178 /* Project object */ = {
			isa = PBXProject;
			attributes = {
				LastSwiftUpdateCheck = 1000;
				LastUpgradeCheck = 1000;
				ORGANIZATIONNAME = "Gwinyai Nyatsoka";
				TargetAttributes = {
					E147A0802159176200AD9178 = {
						CreatedOnToolsVersion = 10.0;
					};
				};
			};
			buildConfigurationList = E147A07C2159176200AD9178 /* Build configuration list for PBXProject "InstagramApp" */;
			compatibilityVersion = "Xcode 9.3";
			developmentRegion = en;
			hasScannedForEncodings = 0;
			knownRegions = (
				en,
				Base,
			);
			mainGroup = E147A0782159176200AD9178;
			productRefGroup = E147A0822159176200AD9178 /* Products */;
			projectDirPath = "";
			projectRoot = "";
			targets = (
				E147A0802159176200AD9178 /* InstagramApp */,
			);
		};
/* End PBXProject section */

/* Begin PBXResourcesBuildPhase section */
		E147A07F2159176200AD9178 /* Resources */ = {
			isa = PBXResourcesBuildPhase;
			buildActionMask = 2147483647;
			files = (
				E24194DC23A7CE43002C3B95 /* GoogleService-Info.plist in Resources */,
				E24194EE23A7E9E3002C3B95 /* Login.storyboard in Resources */,
				E24194D823A7B859002C3B95 /* ActivityView.xib in Resources */,
				E240D6B823A3B186002E28BC /* FeedTableViewCell.xib in Resources */,
				E28086BB23A2BC9600C6115C /* NewPost.storyboard in Resources */,
				E28086B723A2BC7E00C6115C /* Home.storyboard in Resources */,
				E22A7DBD23ACE326008DE64E /* PostTableViewCell.xib in Resources */,
				E147A08F2159176400AD9178 /* LaunchScreen.storyboard in Resources */,
				E240D6B423A3ABA0002E28BC /* StoryCollectionViewCell.xib in Resources */,
				E28086BF23A2BCAA00C6115C /* Activity.storyboard in Resources */,
				E240D6AE23A3A780002E28BC /* StoriesTableViewCell.xib in Resources */,
				E287C87223AE33D6008376B4 /* CommentTableViewCell.xib in Resources */,
				E24194D623A7B1B5002C3B95 /* ActivityTableViewCell.xib in Resources */,
				E287C86F23AE2A52008376B4 /* Post.storyboard in Resources */,
				E28086B923A2BC8B00C6115C /* Search.storyboard in Resources */,
				E24194F023A7EEE1002C3B95 /* Profile.storyboard in Resources */,
				E147A08C2159176300AD9178 /* Assets.xcassets in Resources */,
			);
			runOnlyForDeploymentPostprocessing = 0;
		};
/* End PBXResourcesBuildPhase section */

/* Begin PBXShellScriptBuildPhase section */
		81350CEE219502539427CAE5 /* [CP] Embed Pods Frameworks */ = {
			isa = PBXShellScriptBuildPhase;
			buildActionMask = 2147483647;
			files = (
			);
			inputFileListPaths = (
				"${PODS_ROOT}/Target Support Files/Pods-InstagramApp/Pods-InstagramApp-frameworks-${CONFIGURATION}-input-files.xcfilelist",
			);
			name = "[CP] Embed Pods Frameworks";
			outputFileListPaths = (
				"${PODS_ROOT}/Target Support Files/Pods-InstagramApp/Pods-InstagramApp-frameworks-${CONFIGURATION}-output-files.xcfilelist",
			);
			runOnlyForDeploymentPostprocessing = 0;
			shellPath = /bin/sh;
			shellScript = "\"${PODS_ROOT}/Target Support Files/Pods-InstagramApp/Pods-InstagramApp-frameworks.sh\"\n";
			showEnvVarsInLog = 0;
		};
		F97E03841FDADB126A44F06A /* [CP] Check Pods Manifest.lock */ = {
			isa = PBXShellScriptBuildPhase;
			buildActionMask = 2147483647;
			files = (
			);
			inputFileListPaths = (
			);
			inputPaths = (
				"${PODS_PODFILE_DIR_PATH}/Podfile.lock",
				"${PODS_ROOT}/Manifest.lock",
			);
			name = "[CP] Check Pods Manifest.lock";
			outputFileListPaths = (
			);
			outputPaths = (
				"$(DERIVED_FILE_DIR)/Pods-InstagramApp-checkManifestLockResult.txt",
			);
			runOnlyForDeploymentPostprocessing = 0;
			shellPath = /bin/sh;
			shellScript = "diff \"${PODS_PODFILE_DIR_PATH}/Podfile.lock\" \"${PODS_ROOT}/Manifest.lock\" > /dev/null\nif [ $? != 0 ] ; then\n    # print error to STDERR\n    echo \"error: The sandbox is not in sync with the Podfile.lock. Run 'pod install' or update your CocoaPods installation.\" >&2\n    exit 1\nfi\n# This output is used by Xcode 'outputs' to avoid re-running this script phase.\necho \"SUCCESS\" > \"${SCRIPT_OUTPUT_FILE_0}\"\n";
			showEnvVarsInLog = 0;
		};
/* End PBXShellScriptBuildPhase section */

/* Begin PBXSourcesBuildPhase section */
		E147A07D2159176200AD9178 /* Sources */ = {
			isa = PBXSourcesBuildPhase;
			buildActionMask = 2147483647;
			files = (
				E2EFCFB323ABD20400A95DAF /* LikesModel.swift in Sources */,
				E240D6BA23A3BE70002E28BC /* ExploreCollectionViewCell.swift in Sources */,
				E243B94323AFD0250045CFC1 /* SearchResultsTableViewController.swift in Sources */,
				E22A7DBE23ACE326008DE64E /* PostTableViewCell.swift in Sources */,
				E22639A323B22767003E037E /* FollowModel.swift in Sources */,
				E1E440B42163F16E0034FD40 /* UserData.swift in Sources */,
				E23BDC8023A4BD4600B78926 /* TabBarDelegate.swift in Sources */,
				E23BDC7C23A4B92F00B78926 /* PhotoLibraryViewController.swift in Sources */,
				E1D28C3721629B5700DB621F /* SimpleCamera.swift in Sources */,
				E24194E223A7DC96002C3B95 /* LoginViewController.swift in Sources */,
				E24194DE23A7D555002C3B95 /* Helper.swift in Sources */,
				E1D28C3521629B5000DB621F /* SimpleCameraView.swift in Sources */,
				E240D6BC23A3C6C7002E28BC /* SearchBarContainerView.swift in Sources */,
				E28086C423A2BD2B00C6115C /* SearchViewController.swift in Sources */,
				E240D6B723A3B186002E28BC /* FeedTableViewCell.swift in Sources */,
				E22A7DB823ACDA45008DE64E /* PostViewController.swift in Sources */,
				E24194E623A7DCA3002C3B95 /* SignupViewController.swift in Sources */,
				E241B89823A6A5CD00F06905 /* PhotoCollectionViewCell.swift in Sources */,
				E240D6BE23A3E72B002E28BC /* CollectionLayout.swift in Sources */,
				E28086C223A2BD0A00C6115C /* HomeViewController.swift in Sources */,
				E2487BCD23A93FAB005D6706 /* CreatePostViewController.swift in Sources */,
				E24194EC23A7DF33002C3B95 /* Protocols.swift in Sources */,
				E24194F423A7EF35002C3B95 /* ProfileViewStyleTableViewCell.swift in Sources */,
				E1E440B22163ED050034FD40 /* ActivityData.swift in Sources */,
				E24194F223A7EF2E002C3B95 /* ProfileHeaderTableViewCell.swift in Sources */,
				E23BDC7E23A4B96800B78926 /* CameraViewController.swift in Sources */,
				E23BDC7A23A4B75A00B78926 /* NewPostPageViewController.swift in Sources */,
				E24194DA23A7B872002C3B95 /* ActivityView.swift in Sources */,
				E28086C823A2BD4000C6115C /* ProfileViewController.swift in Sources */,
				E287C87323AE33D6008376B4 /* CommentTableViewCell.swift in Sources */,
				E28086CA23A2BD4C00C6115C /* ActivityViewController.swift in Sources */,
				E147A0852159176200AD9178 /* AppDelegate.swift in Sources */,
				E147A09B215917EB00AD9178 /* FeedData.swift in Sources */,
				E1D28C3321629B4800DB621F /* SimpleCameraProtocol.swift in Sources */,
				E240D6AD23A3A780002E28BC /* StoriesTableViewCell.swift in Sources */,
				E240D6B323A3ABA0002E28BC /* StoryCollectionViewCell.swift in Sources */,
				E24194D523A7B1B5002C3B95 /* ActivityTableViewCell.swift in Sources */,
				E28086C623A2BD3600C6115C /* NewPostViewController.swift in Sources */,
				E24194D223A7A093002C3B95 /* CustomSegmentedControl.swift in Sources */,
				E24194EA23A7DF2C002C3B95 /* AnimatedGradient.swift in Sources */,
				E24194E023A7D63B002C3B95 /* Extensions.swift in Sources */,
				E22A7DBA23ACDC00008DE64E /* CommentsModel.swift in Sources */,
			);
			runOnlyForDeploymentPostprocessing = 0;
		};
/* End PBXSourcesBuildPhase section */

/* Begin PBXVariantGroup section */
		E147A08D2159176400AD9178 /* LaunchScreen.storyboard */ = {
			isa = PBXVariantGroup;
			children = (
				E147A08E2159176400AD9178 /* Base */,
			);
			name = LaunchScreen.storyboard;
			sourceTree = "<group>";
		};
/* End PBXVariantGroup section */

/* Begin XCBuildConfiguration section */
		E147A0912159176400AD9178 /* Debug */ = {
			isa = XCBuildConfiguration;
			buildSettings = {
				ALWAYS_SEARCH_USER_PATHS = NO;
				CLANG_ANALYZER_NONNULL = YES;
				CLANG_ANALYZER_NUMBER_OBJECT_CONVERSION = YES_AGGRESSIVE;
				CLANG_CXX_LANGUAGE_STANDARD = "gnu++14";
				CLANG_CXX_LIBRARY = "libc++";
				CLANG_ENABLE_MODULES = YES;
				CLANG_ENABLE_OBJC_ARC = YES;
				CLANG_ENABLE_OBJC_WEAK = YES;
				CLANG_WARN_BLOCK_CAPTURE_AUTORELEASING = YES;
				CLANG_WARN_BOOL_CONVERSION = YES;
				CLANG_WARN_COMMA = YES;
				CLANG_WARN_CONSTANT_CONVERSION = YES;
				CLANG_WARN_DEPRECATED_OBJC_IMPLEMENTATIONS = YES;
				CLANG_WARN_DIRECT_OBJC_ISA_USAGE = YES_ERROR;
				CLANG_WARN_DOCUMENTATION_COMMENTS = YES;
				CLANG_WARN_EMPTY_BODY = YES;
				CLANG_WARN_ENUM_CONVERSION = YES;
				CLANG_WARN_INFINITE_RECURSION = YES;
				CLANG_WARN_INT_CONVERSION = YES;
				CLANG_WARN_NON_LITERAL_NULL_CONVERSION = YES;
				CLANG_WARN_OBJC_IMPLICIT_RETAIN_SELF = YES;
				CLANG_WARN_OBJC_LITERAL_CONVERSION = YES;
				CLANG_WARN_OBJC_ROOT_CLASS = YES_ERROR;
				CLANG_WARN_RANGE_LOOP_ANALYSIS = YES;
				CLANG_WARN_STRICT_PROTOTYPES = YES;
				CLANG_WARN_SUSPICIOUS_MOVE = YES;
				CLANG_WARN_UNGUARDED_AVAILABILITY = YES_AGGRESSIVE;
				CLANG_WARN_UNREACHABLE_CODE = YES;
				CLANG_WARN__DUPLICATE_METHOD_MATCH = YES;
				CODE_SIGN_IDENTITY = "iPhone Developer";
				COPY_PHASE_STRIP = NO;
				DEBUG_INFORMATION_FORMAT = dwarf;
				ENABLE_STRICT_OBJC_MSGSEND = YES;
				ENABLE_TESTABILITY = YES;
				GCC_C_LANGUAGE_STANDARD = gnu11;
				GCC_DYNAMIC_NO_PIC = NO;
				GCC_NO_COMMON_BLOCKS = YES;
				GCC_OPTIMIZATION_LEVEL = 0;
				GCC_PREPROCESSOR_DEFINITIONS = (
					"DEBUG=1",
					"$(inherited)",
				);
				GCC_WARN_64_TO_32_BIT_CONVERSION = YES;
				GCC_WARN_ABOUT_RETURN_TYPE = YES_ERROR;
				GCC_WARN_UNDECLARED_SELECTOR = YES;
				GCC_WARN_UNINITIALIZED_AUTOS = YES_AGGRESSIVE;
				GCC_WARN_UNUSED_FUNCTION = YES;
				GCC_WARN_UNUSED_VARIABLE = YES;
				IPHONEOS_DEPLOYMENT_TARGET = 12.0;
				MTL_ENABLE_DEBUG_INFO = INCLUDE_SOURCE;
				MTL_FAST_MATH = YES;
				ONLY_ACTIVE_ARCH = YES;
				SDKROOT = iphoneos;
				SWIFT_ACTIVE_COMPILATION_CONDITIONS = DEBUG;
				SWIFT_OPTIMIZATION_LEVEL = "-Onone";
			};
			name = Debug;
		};
		E147A0922159176400AD9178 /* Release */ = {
			isa = XCBuildConfiguration;
			buildSettings = {
				ALWAYS_SEARCH_USER_PATHS = NO;
				CLANG_ANALYZER_NONNULL = YES;
				CLANG_ANALYZER_NUMBER_OBJECT_CONVERSION = YES_AGGRESSIVE;
				CLANG_CXX_LANGUAGE_STANDARD = "gnu++14";
				CLANG_CXX_LIBRARY = "libc++";
				CLANG_ENABLE_MODULES = YES;
				CLANG_ENABLE_OBJC_ARC = YES;
				CLANG_ENABLE_OBJC_WEAK = YES;
				CLANG_WARN_BLOCK_CAPTURE_AUTORELEASING = YES;
				CLANG_WARN_BOOL_CONVERSION = YES;
				CLANG_WARN_COMMA = YES;
				CLANG_WARN_CONSTANT_CONVERSION = YES;
				CLANG_WARN_DEPRECATED_OBJC_IMPLEMENTATIONS = YES;
				CLANG_WARN_DIRECT_OBJC_ISA_USAGE = YES_ERROR;
				CLANG_WARN_DOCUMENTATION_COMMENTS = YES;
				CLANG_WARN_EMPTY_BODY = YES;
				CLANG_WARN_ENUM_CONVERSION = YES;
				CLANG_WARN_INFINITE_RECURSION = YES;
				CLANG_WARN_INT_CONVERSION = YES;
				CLANG_WARN_NON_LITERAL_NULL_CONVERSION = YES;
				CLANG_WARN_OBJC_IMPLICIT_RETAIN_SELF = YES;
				CLANG_WARN_OBJC_LITERAL_CONVERSION = YES;
				CLANG_WARN_OBJC_ROOT_CLASS = YES_ERROR;
				CLANG_WARN_RANGE_LOOP_ANALYSIS = YES;
				CLANG_WARN_STRICT_PROTOTYPES = YES;
				CLANG_WARN_SUSPICIOUS_MOVE = YES;
				CLANG_WARN_UNGUARDED_AVAILABILITY = YES_AGGRESSIVE;
				CLANG_WARN_UNREACHABLE_CODE = YES;
				CLANG_WARN__DUPLICATE_METHOD_MATCH = YES;
				CODE_SIGN_IDENTITY = "iPhone Developer";
				COPY_PHASE_STRIP = NO;
				DEBUG_INFORMATION_FORMAT = "dwarf-with-dsym";
				ENABLE_NS_ASSERTIONS = NO;
				ENABLE_STRICT_OBJC_MSGSEND = YES;
				GCC_C_LANGUAGE_STANDARD = gnu11;
				GCC_NO_COMMON_BLOCKS = YES;
				GCC_WARN_64_TO_32_BIT_CONVERSION = YES;
				GCC_WARN_ABOUT_RETURN_TYPE = YES_ERROR;
				GCC_WARN_UNDECLARED_SELECTOR = YES;
				GCC_WARN_UNINITIALIZED_AUTOS = YES_AGGRESSIVE;
				GCC_WARN_UNUSED_FUNCTION = YES;
				GCC_WARN_UNUSED_VARIABLE = YES;
				IPHONEOS_DEPLOYMENT_TARGET = 12.0;
				MTL_ENABLE_DEBUG_INFO = NO;
				MTL_FAST_MATH = YES;
				SDKROOT = iphoneos;
				SWIFT_COMPILATION_MODE = wholemodule;
				SWIFT_OPTIMIZATION_LEVEL = "-O";
				VALIDATE_PRODUCT = YES;
			};
			name = Release;
		};
		E147A0942159176400AD9178 /* Debug */ = {
			isa = XCBuildConfiguration;
			baseConfigurationReference = C9DB24F055C0F4E9E1D79CD0 /* Pods-InstagramApp.debug.xcconfig */;
			buildSettings = {
				ASSETCATALOG_COMPILER_APPICON_NAME = AppIcon;
				CODE_SIGN_STYLE = Automatic;
				DEVELOPMENT_TEAM = ANW63NCRG2;
				INFOPLIST_FILE = InstagramApp/Info.plist;
				IPHONEOS_DEPLOYMENT_TARGET = 11.4;
				LD_RUNPATH_SEARCH_PATHS = (
					"$(inherited)",
					"@executable_path/Frameworks",
				);
				PRODUCT_BUNDLE_IDENTIFIER = com.iosjunkie.InstagramApp;
				PRODUCT_NAME = "$(TARGET_NAME)";
				SWIFT_VERSION = 4.2;
				TARGETED_DEVICE_FAMILY = 1;
			};
			name = Debug;
		};
		E147A0952159176400AD9178 /* Release */ = {
			isa = XCBuildConfiguration;
			baseConfigurationReference = 8E621D828076BE1D8039AD5B /* Pods-InstagramApp.release.xcconfig */;
			buildSettings = {
				ASSETCATALOG_COMPILER_APPICON_NAME = AppIcon;
				CODE_SIGN_STYLE = Automatic;
				DEVELOPMENT_TEAM = ANW63NCRG2;
				INFOPLIST_FILE = InstagramApp/Info.plist;
				IPHONEOS_DEPLOYMENT_TARGET = 11.4;
				LD_RUNPATH_SEARCH_PATHS = (
					"$(inherited)",
					"@executable_path/Frameworks",
				);
				PRODUCT_BUNDLE_IDENTIFIER = com.iosjunkie.InstagramApp;
				PRODUCT_NAME = "$(TARGET_NAME)";
				SWIFT_VERSION = 4.2;
				TARGETED_DEVICE_FAMILY = 1;
			};
			name = Release;
		};
/* End XCBuildConfiguration section */

/* Begin XCConfigurationList section */
		E147A07C2159176200AD9178 /* Build configuration list for PBXProject "InstagramApp" */ = {
			isa = XCConfigurationList;
			buildConfigurations = (
				E147A0912159176400AD9178 /* Debug */,
				E147A0922159176400AD9178 /* Release */,
			);
			defaultConfigurationIsVisible = 0;
			defaultConfigurationName = Release;
		};
		E147A0932159176400AD9178 /* Build configuration list for PBXNativeTarget "InstagramApp" */ = {
			isa = XCConfigurationList;
			buildConfigurations = (
				E147A0942159176400AD9178 /* Debug */,
				E147A0952159176400AD9178 /* Release */,
			);
			defaultConfigurationIsVisible = 0;
			defaultConfigurationName = Release;
		};
/* End XCConfigurationList section */
	};
	rootObject = E147A0792159176200AD9178 /* Project object */;
}
